
Microsoft Visual Studio Solution File, Format Version 12.00
# Visual Studio 2015
Project("{FAE04EC0-301F-11D3-BF4B-00C04F79EFBC}") = "EndlessRunner-GameManager", "EndlessRunner-GameManager.csproj", "{1EDC6801-34F0-E0AA-CD57-355068C6FEED}"
EndProject
Global
	GlobalSection(SolutionConfigurationPlatforms) = preSolution
		Debug|Any CPU = Debug|Any CPU
		Release|Any CPU = Release|Any CPU
	EndGlobalSection
	GlobalSection(ProjectConfigurationPlatforms) = postSolution
		{1EDC6801-34F0-E0AA-CD57-355068C6FEED}.Debug|Any CPU.ActiveCfg = Debug|Any CPU
		{1EDC6801-34F0-E0AA-CD57-355068C6FEED}.Debug|Any CPU.Build.0 = Debug|Any CPU
		{1EDC6801-34F0-E0AA-CD57-355068C6FEED}.Release|Any CPU.ActiveCfg = Release|Any CPU
		{1EDC6801-34F0-E0AA-CD57-355068C6FEED}.Release|Any CPU.Build.0 = Release|Any CPU
	EndGlobalSection
	GlobalSection(SolutionProperties) = preSolution
		HideSolutionNode = FALSE
	EndGlobalSection
EndGlobal
